// !$*UTF8*$!
{
	archiveVersion = 1;
	classes = {
	};
	objectVersion = 51;
	objects = {

/* Begin PBXBuildFile section */
		2497356126D34F3200177A7C /* SideMenuActionsView.swift in Sources */ = {isa = PBXBuildFile; fileRef = 2497356026D34F3200177A7C /* SideMenuActionsView.swift */; };
		2497356326D35BBD00177A7C /* MenuOptionButtonStyle.swift in Sources */ = {isa = PBXBuildFile; fileRef = 2497356226D35BBD00177A7C /* MenuOptionButtonStyle.swift */; };
		2D2F456026C25911002C0331 /* View+NavigationBar.swift in Sources */ = {isa = PBXBuildFile; fileRef = 2D2F455F26C25911002C0331 /* View+NavigationBar.swift */; };
		2D303B3B26C28AC200EEF1C0 /* Constants+String.swift in Sources */ = {isa = PBXBuildFile; fileRef = 2D303B3A26C28AC200EEF1C0 /* Constants+String.swift */; };
		2D467C3D26BCD58D008F11E1 /* HomeView.swift in Sources */ = {isa = PBXBuildFile; fileRef = 2D467C3C26BCD58D008F11E1 /* HomeView.swift */; };
		2D4ADCC426C60940008F8843 /* HomeViewModel.swift in Sources */ = {isa = PBXBuildFile; fileRef = 2D4ADCC326C60940008F8843 /* HomeViewModel.swift */; };
		2D4ADCC926C61192008F8843 /* FeedsViewModel.swift in Sources */ = {isa = PBXBuildFile; fileRef = 2D4ADCC826C61192008F8843 /* FeedsViewModel.swift */; };
		2D5485B726C9FAAC00FFE707 /* BehaviorRelayProperty.swift in Sources */ = {isa = PBXBuildFile; fileRef = 2D5485B626C9FAAC00FFE707 /* BehaviorRelayProperty.swift */; };
		2D5485BC26CA077600FFE707 /* View+RxDriver.swift in Sources */ = {isa = PBXBuildFile; fileRef = 2D5485BB26CA077600FFE707 /* View+RxDriver.swift */; };
		2D5485BE26CA0D2C00FFE707 /* PublishRelayProperty.swift in Sources */ = {isa = PBXBuildFile; fileRef = 2D5485BD26CA0D2C00FFE707 /* PublishRelayProperty.swift */; };
		2D64E92026C11B48008C80B0 /* Localizable.strings in Resources */ = {isa = PBXBuildFile; fileRef = 2D64E92226C11B48008C80B0 /* Localizable.strings */; };
		2D69823E26C226D800860A98 /* NimbleMediumTests.swift in Sources */ = {isa = PBXBuildFile; fileRef = 2D5EA95326C22140008C79A7 /* NimbleMediumTests.swift */; };
		2D69824426C22DC700860A98 /* R.generated.swift in Sources */ = {isa = PBXBuildFile; fileRef = 2D69824326C22DC700860A98 /* R.generated.swift */; };
		2D72E47E26C2185400861239 /* Constants.swift in Sources */ = {isa = PBXBuildFile; fileRef = 2D72E47D26C2185400861239 /* Constants.swift */; };
		2DB04AD726C3A4AC003E65F4 /* Color+UIColor.swift in Sources */ = {isa = PBXBuildFile; fileRef = 2DB04AD626C3A4AC003E65F4 /* Color+UIColor.swift */; };
		2DB04AD926C3A6F8003E65F4 /* NimbleMediumUITests.swift in Sources */ = {isa = PBXBuildFile; fileRef = 2DB04AD826C3A6F8003E65F4 /* NimbleMediumUITests.swift */; };
		2DB2674E26BBEC4300FF05BB /* App.swift in Sources */ = {isa = PBXBuildFile; fileRef = 2DB2674D26BBEC4300FF05BB /* App.swift */; };
		2DB2675226BBEC4400FF05BB /* Assets.xcassets in Resources */ = {isa = PBXBuildFile; fileRef = 2DB2675126BBEC4400FF05BB /* Assets.xcassets */; };
		2DB2675526BBEC4400FF05BB /* Preview Assets.xcassets in Resources */ = {isa = PBXBuildFile; fileRef = 2DB2675426BBEC4400FF05BB /* Preview Assets.xcassets */; };
		2DBE36AE26C3B0C500DA3511 /* FeedsView.swift in Sources */ = {isa = PBXBuildFile; fileRef = 2DBE36AD26C3B0C500DA3511 /* FeedsView.swift */; };
		2DBE36B126C3B33700DA3511 /* SideMenuView.swift in Sources */ = {isa = PBXBuildFile; fileRef = 2DBE36B026C3B33700DA3511 /* SideMenuView.swift */; };
		2DE3B9B526C1339200272775 /* Typealias.swift in Sources */ = {isa = PBXBuildFile; fileRef = 2DE3B9B426C1339200272775 /* Typealias.swift */; };
		50CD01A577A1A5CB6812AF2E /* Pods_NimbleMedium_NimbleMediumUITests.framework in Frameworks */ = {isa = PBXBuildFile; fileRef = 901D8FC4774E2CF838738DEF /* Pods_NimbleMedium_NimbleMediumUITests.framework */; };
		7DB2A8DC1F8863DD01F7D438 /* Pods_NimbleMedium.framework in Frameworks */ = {isa = PBXBuildFile; fileRef = 8319E63645C8E624FA94506E /* Pods_NimbleMedium.framework */; };
		B56F45E43AAEF74BD71B4158 /* Pods_NimbleMediumTests.framework in Frameworks */ = {isa = PBXBuildFile; fileRef = EDBC77E99D264744421CC502 /* Pods_NimbleMediumTests.framework */; };
/* End PBXBuildFile section */

/* Begin PBXContainerItemProxy section */
		2DB2675C26BBEC4500FF05BB /* PBXContainerItemProxy */ = {
			isa = PBXContainerItemProxy;
			containerPortal = 2DB2674226BBEC4300FF05BB /* Project object */;
			proxyType = 1;
			remoteGlobalIDString = 2DB2674926BBEC4300FF05BB;
			remoteInfo = NimbleMedium;
		};
		2DB2676726BBEC4500FF05BB /* PBXContainerItemProxy */ = {
			isa = PBXContainerItemProxy;
			containerPortal = 2DB2674226BBEC4300FF05BB /* Project object */;
			proxyType = 1;
			remoteGlobalIDString = 2DB2674926BBEC4300FF05BB;
			remoteInfo = NimbleMedium;
		};
/* End PBXContainerItemProxy section */

/* Begin PBXFileReference section */
		1FB4ECE354F839DF02D6976B /* Pods-NimbleMedium.staging.xcconfig */ = {isa = PBXFileReference; includeInIndex = 1; lastKnownFileType = text.xcconfig; name = "Pods-NimbleMedium.staging.xcconfig"; path = "Target Support Files/Pods-NimbleMedium/Pods-NimbleMedium.staging.xcconfig"; sourceTree = "<group>"; };
		21851292A064EB97674233A2 /* Pods-NimbleMediumTests.staging.xcconfig */ = {isa = PBXFileReference; includeInIndex = 1; lastKnownFileType = text.xcconfig; name = "Pods-NimbleMediumTests.staging.xcconfig"; path = "Target Support Files/Pods-NimbleMediumTests/Pods-NimbleMediumTests.staging.xcconfig"; sourceTree = "<group>"; };
		2497356026D34F3200177A7C /* SideMenuActionsView.swift */ = {isa = PBXFileReference; lastKnownFileType = sourcecode.swift; path = SideMenuActionsView.swift; sourceTree = "<group>"; };
		2497356226D35BBD00177A7C /* MenuOptionButtonStyle.swift */ = {isa = PBXFileReference; lastKnownFileType = sourcecode.swift; path = MenuOptionButtonStyle.swift; sourceTree = "<group>"; };
		2D2F455F26C25911002C0331 /* View+NavigationBar.swift */ = {isa = PBXFileReference; fileEncoding = 4; lastKnownFileType = sourcecode.swift; path = "View+NavigationBar.swift"; sourceTree = "<group>"; };
		2D303B3A26C28AC200EEF1C0 /* Constants+String.swift */ = {isa = PBXFileReference; lastKnownFileType = sourcecode.swift; path = "Constants+String.swift"; sourceTree = "<group>"; };
		2D467C3C26BCD58D008F11E1 /* HomeView.swift */ = {isa = PBXFileReference; lastKnownFileType = sourcecode.swift; path = HomeView.swift; sourceTree = "<group>"; };
		2D4ADCC326C60940008F8843 /* HomeViewModel.swift */ = {isa = PBXFileReference; lastKnownFileType = sourcecode.swift; path = HomeViewModel.swift; sourceTree = "<group>"; };
		2D4ADCC826C61192008F8843 /* FeedsViewModel.swift */ = {isa = PBXFileReference; fileEncoding = 4; lastKnownFileType = sourcecode.swift; path = FeedsViewModel.swift; sourceTree = "<group>"; };
		2D5485B626C9FAAC00FFE707 /* BehaviorRelayProperty.swift */ = {isa = PBXFileReference; fileEncoding = 4; lastKnownFileType = sourcecode.swift; path = BehaviorRelayProperty.swift; sourceTree = "<group>"; };
		2D5485BB26CA077600FFE707 /* View+RxDriver.swift */ = {isa = PBXFileReference; lastKnownFileType = sourcecode.swift; path = "View+RxDriver.swift"; sourceTree = "<group>"; };
		2D5485BD26CA0D2C00FFE707 /* PublishRelayProperty.swift */ = {isa = PBXFileReference; lastKnownFileType = sourcecode.swift; path = PublishRelayProperty.swift; sourceTree = "<group>"; };
		2D5EA95326C22140008C79A7 /* NimbleMediumTests.swift */ = {isa = PBXFileReference; fileEncoding = 4; lastKnownFileType = sourcecode.swift; path = NimbleMediumTests.swift; sourceTree = "<group>"; };
		2D64E92126C11B48008C80B0 /* en */ = {isa = PBXFileReference; lastKnownFileType = text.plist.strings; name = en; path = en.lproj/Localizable.strings; sourceTree = "<group>"; };
		2D69824326C22DC700860A98 /* R.generated.swift */ = {isa = PBXFileReference; fileEncoding = 4; lastKnownFileType = sourcecode.swift; path = R.generated.swift; sourceTree = "<group>"; };
		2D72E47D26C2185400861239 /* Constants.swift */ = {isa = PBXFileReference; lastKnownFileType = sourcecode.swift; path = Constants.swift; sourceTree = "<group>"; };
		2DB04AD626C3A4AC003E65F4 /* Color+UIColor.swift */ = {isa = PBXFileReference; fileEncoding = 4; lastKnownFileType = sourcecode.swift; path = "Color+UIColor.swift"; sourceTree = "<group>"; };
		2DB04AD826C3A6F8003E65F4 /* NimbleMediumUITests.swift */ = {isa = PBXFileReference; fileEncoding = 4; lastKnownFileType = sourcecode.swift; path = NimbleMediumUITests.swift; sourceTree = "<group>"; };
		2DB2674A26BBEC4300FF05BB /* Nimble Medium.app */ = {isa = PBXFileReference; explicitFileType = wrapper.application; includeInIndex = 0; path = "Nimble Medium.app"; sourceTree = BUILT_PRODUCTS_DIR; };
		2DB2674D26BBEC4300FF05BB /* App.swift */ = {isa = PBXFileReference; lastKnownFileType = sourcecode.swift; path = App.swift; sourceTree = "<group>"; };
		2DB2675126BBEC4400FF05BB /* Assets.xcassets */ = {isa = PBXFileReference; lastKnownFileType = folder.assetcatalog; path = Assets.xcassets; sourceTree = "<group>"; };
		2DB2675426BBEC4400FF05BB /* Preview Assets.xcassets */ = {isa = PBXFileReference; lastKnownFileType = folder.assetcatalog; path = "Preview Assets.xcassets"; sourceTree = "<group>"; };
		2DB2675626BBEC4400FF05BB /* Info.plist */ = {isa = PBXFileReference; lastKnownFileType = text.plist.xml; path = Info.plist; sourceTree = "<group>"; };
		2DB2675B26BBEC4500FF05BB /* NimbleMediumTests.xctest */ = {isa = PBXFileReference; explicitFileType = wrapper.cfbundle; includeInIndex = 0; path = NimbleMediumTests.xctest; sourceTree = BUILT_PRODUCTS_DIR; };
		2DB2676126BBEC4500FF05BB /* Info.plist */ = {isa = PBXFileReference; lastKnownFileType = text.plist.xml; path = Info.plist; sourceTree = "<group>"; };
		2DB2676626BBEC4500FF05BB /* NimbleMediumUITests.xctest */ = {isa = PBXFileReference; explicitFileType = wrapper.cfbundle; includeInIndex = 0; path = NimbleMediumUITests.xctest; sourceTree = BUILT_PRODUCTS_DIR; };
		2DB2676C26BBEC4500FF05BB /* Info.plist */ = {isa = PBXFileReference; lastKnownFileType = text.plist.xml; path = Info.plist; sourceTree = "<group>"; };
		2DBE36AD26C3B0C500DA3511 /* FeedsView.swift */ = {isa = PBXFileReference; lastKnownFileType = sourcecode.swift; path = FeedsView.swift; sourceTree = "<group>"; };
		2DBE36B026C3B33700DA3511 /* SideMenuView.swift */ = {isa = PBXFileReference; lastKnownFileType = sourcecode.swift; path = SideMenuView.swift; sourceTree = "<group>"; };
		2DE3B9B426C1339200272775 /* Typealias.swift */ = {isa = PBXFileReference; lastKnownFileType = sourcecode.swift; path = Typealias.swift; sourceTree = "<group>"; };
		664F4E0BC9D9E468E0506C22 /* Pods-NimbleMediumTests.production.xcconfig */ = {isa = PBXFileReference; includeInIndex = 1; lastKnownFileType = text.xcconfig; name = "Pods-NimbleMediumTests.production.xcconfig"; path = "Target Support Files/Pods-NimbleMediumTests/Pods-NimbleMediumTests.production.xcconfig"; sourceTree = "<group>"; };
		6E41E63B326C526EFD5BA685 /* Pods-NimbleMedium.production.xcconfig */ = {isa = PBXFileReference; includeInIndex = 1; lastKnownFileType = text.xcconfig; name = "Pods-NimbleMedium.production.xcconfig"; path = "Target Support Files/Pods-NimbleMedium/Pods-NimbleMedium.production.xcconfig"; sourceTree = "<group>"; };
		8319E63645C8E624FA94506E /* Pods_NimbleMedium.framework */ = {isa = PBXFileReference; explicitFileType = wrapper.framework; includeInIndex = 0; path = Pods_NimbleMedium.framework; sourceTree = BUILT_PRODUCTS_DIR; };
		901D8FC4774E2CF838738DEF /* Pods_NimbleMedium_NimbleMediumUITests.framework */ = {isa = PBXFileReference; explicitFileType = wrapper.framework; includeInIndex = 0; path = Pods_NimbleMedium_NimbleMediumUITests.framework; sourceTree = BUILT_PRODUCTS_DIR; };
		A7FB373E4466876E4BD8212F /* Pods-NimbleMedium-NimbleMediumUITests.staging.xcconfig */ = {isa = PBXFileReference; includeInIndex = 1; lastKnownFileType = text.xcconfig; name = "Pods-NimbleMedium-NimbleMediumUITests.staging.xcconfig"; path = "Target Support Files/Pods-NimbleMedium-NimbleMediumUITests/Pods-NimbleMedium-NimbleMediumUITests.staging.xcconfig"; sourceTree = "<group>"; };
		B350D67E0CE0AD97820184FA /* Pods-NimbleMedium-NimbleMediumUITests.production.xcconfig */ = {isa = PBXFileReference; includeInIndex = 1; lastKnownFileType = text.xcconfig; name = "Pods-NimbleMedium-NimbleMediumUITests.production.xcconfig"; path = "Target Support Files/Pods-NimbleMedium-NimbleMediumUITests/Pods-NimbleMedium-NimbleMediumUITests.production.xcconfig"; sourceTree = "<group>"; };
		EDBC77E99D264744421CC502 /* Pods_NimbleMediumTests.framework */ = {isa = PBXFileReference; explicitFileType = wrapper.framework; includeInIndex = 0; path = Pods_NimbleMediumTests.framework; sourceTree = BUILT_PRODUCTS_DIR; };
/* End PBXFileReference section */

/* Begin PBXFrameworksBuildPhase section */
		2DB2674726BBEC4300FF05BB /* Frameworks */ = {
			isa = PBXFrameworksBuildPhase;
			buildActionMask = 2147483647;
			files = (
				7DB2A8DC1F8863DD01F7D438 /* Pods_NimbleMedium.framework in Frameworks */,
			);
			runOnlyForDeploymentPostprocessing = 0;
		};
		2DB2675826BBEC4500FF05BB /* Frameworks */ = {
			isa = PBXFrameworksBuildPhase;
			buildActionMask = 2147483647;
			files = (
				B56F45E43AAEF74BD71B4158 /* Pods_NimbleMediumTests.framework in Frameworks */,
			);
			runOnlyForDeploymentPostprocessing = 0;
		};
		2DB2676326BBEC4500FF05BB /* Frameworks */ = {
			isa = PBXFrameworksBuildPhase;
			buildActionMask = 2147483647;
			files = (
				50CD01A577A1A5CB6812AF2E /* Pods_NimbleMedium_NimbleMediumUITests.framework in Frameworks */,
			);
			runOnlyForDeploymentPostprocessing = 0;
		};
/* End PBXFrameworksBuildPhase section */

/* Begin PBXGroup section */
		1EE4D3D1E95A20B898233A6B /* Frameworks */ = {
			isa = PBXGroup;
			children = (
				8319E63645C8E624FA94506E /* Pods_NimbleMedium.framework */,
				901D8FC4774E2CF838738DEF /* Pods_NimbleMedium_NimbleMediumUITests.framework */,
				EDBC77E99D264744421CC502 /* Pods_NimbleMediumTests.framework */,
			);
			name = Frameworks;
			sourceTree = "<group>";
		};
		2D303B3C26C28AE900EEF1C0 /* Foundation */ = {
			isa = PBXGroup;
			children = (
			);
			path = Foundation;
			sourceTree = "<group>";
		};
		2D303B3D26C28B6500EEF1C0 /* SwiftUI */ = {
			isa = PBXGroup;
			children = (
				2DB04AD626C3A4AC003E65F4 /* Color+UIColor.swift */,
				2D2F455F26C25911002C0331 /* View+NavigationBar.swift */,
				2D5485BB26CA077600FFE707 /* View+RxDriver.swift */,
			);
			path = SwiftUI;
			sourceTree = "<group>";
		};
		2D467C3E26BCD591008F11E1 /* Home */ = {
			isa = PBXGroup;
			children = (
				2D467C3C26BCD58D008F11E1 /* HomeView.swift */,
				2D4ADCC326C60940008F8843 /* HomeViewModel.swift */,
			);
			path = Home;
			sourceTree = "<group>";
		};
		2D467C3F26BCD68C008F11E1 /* NetworkAPI */ = {
			isa = PBXGroup;
			children = (
			);
			path = NetworkAPI;
			sourceTree = "<group>";
		};
		2D5485B526C9FA9A00FFE707 /* Rx */ = {
			isa = PBXGroup;
			children = (
				2D5485B626C9FAAC00FFE707 /* BehaviorRelayProperty.swift */,
				2D5485BD26CA0D2C00FFE707 /* PublishRelayProperty.swift */,
			);
			path = Rx;
			sourceTree = "<group>";
		};
		2D72E47926C217DC00861239 /* Configurations */ = {
			isa = PBXGroup;
			children = (
				2DB2675626BBEC4400FF05BB /* Info.plist */,
			);
			path = Configurations;
			sourceTree = "<group>";
		};
		2D72E47A26C217E800861239 /* Sources */ = {
			isa = PBXGroup;
			children = (
				2D72E47B26C2182C00861239 /* Application */,
				2D72E47C26C2183B00861239 /* Constants */,
				2D72E47F26C2185C00861239 /* Data */,
				2D72E48026C2188300861239 /* Domain */,
				2D72E48226C218C200861239 /* Presentation */,
				2DE3B9B226C1336300272775 /* Supports */,
			);
			path = Sources;
			sourceTree = "<group>";
		};
		2D72E47B26C2182C00861239 /* Application */ = {
			isa = PBXGroup;
			children = (
				2DB2674D26BBEC4300FF05BB /* App.swift */,
			);
			path = Application;
			sourceTree = "<group>";
		};
		2D72E47C26C2183B00861239 /* Constants */ = {
			isa = PBXGroup;
			children = (
				2D72E47D26C2185400861239 /* Constants.swift */,
				2D303B3A26C28AC200EEF1C0 /* Constants+String.swift */,
			);
			path = Constants;
			sourceTree = "<group>";
		};
		2D72E47F26C2185C00861239 /* Data */ = {
			isa = PBXGroup;
			children = (
				2D72E49926C21CEB00861239 /* Keychain */,
				2D467C3F26BCD68C008F11E1 /* NetworkAPI */,
				2DB2678026BBF14C00FF05BB /* Repositories */,
			);
			path = Data;
			sourceTree = "<group>";
		};
		2D72E48026C2188300861239 /* Domain */ = {
			isa = PBXGroup;
			children = (
				2DB2677D26BBF12E00FF05BB /* Entities */,
				2D72E48126C218AF00861239 /* UseCases */,
			);
			path = Domain;
			sourceTree = "<group>";
		};
		2D72E48126C218AF00861239 /* UseCases */ = {
			isa = PBXGroup;
			children = (
			);
			path = UseCases;
			sourceTree = "<group>";
		};
		2D72E48226C218C200861239 /* Presentation */ = {
			isa = PBXGroup;
			children = (
				2DB2677E26BBF13400FF05BB /* Modules */,
				2D72E48326C218D300861239 /* Views */,
			);
			path = Presentation;
			sourceTree = "<group>";
		};
		2D72E48326C218D300861239 /* Views */ = {
			isa = PBXGroup;
			children = (
			);
			path = Views;
			sourceTree = "<group>";
		};
		2D72E48426C21A9900861239 /* Extensions */ = {
			isa = PBXGroup;
			children = (
				2D303B3D26C28B6500EEF1C0 /* SwiftUI */,
				2D303B3C26C28AE900EEF1C0 /* Foundation */,
			);
			path = Extensions;
			sourceTree = "<group>";
		};
		2D72E48526C21B3900861239 /* Configurations */ = {
			isa = PBXGroup;
			children = (
				2DB2676126BBEC4500FF05BB /* Info.plist */,
			);
			path = Configurations;
			sourceTree = "<group>";
		};
		2D72E48626C21B6C00861239 /* Resources */ = {
			isa = PBXGroup;
			children = (
			);
			path = Resources;
			sourceTree = "<group>";
		};
		2D72E48726C21B7800861239 /* Sources */ = {
			isa = PBXGroup;
			children = (
				2D72E48926C21BAC00861239 /* Dummy */,
				2D72E48F26C21C0500861239 /* Mocks */,
				2D72E48826C21B8A00861239 /* Specs */,
				2D72E49826C21C7100861239 /* Utilities */,
			);
			path = Sources;
			sourceTree = "<group>";
		};
		2D72E48826C21B8A00861239 /* Specs */ = {
			isa = PBXGroup;
			children = (
				2D72E49026C21C1400861239 /* Data */,
				2D72E49226C21C2800861239 /* Domain */,
				2D72E49426C21C3800861239 /* Presentation */,
				2D72E49626C21C4A00861239 /* Supports */,
			);
			path = Specs;
			sourceTree = "<group>";
		};
		2D72E48926C21BAC00861239 /* Dummy */ = {
			isa = PBXGroup;
			children = (
				2D72E48C26C21BD700861239 /* Domain */,
				2D72E48A26C21BB500861239 /* Data */,
				2D72E48E26C21BE800861239 /* Modules */,
			);
			path = Dummy;
			sourceTree = "<group>";
		};
		2D72E48A26C21BB500861239 /* Data */ = {
			isa = PBXGroup;
			children = (
				2D72E48B26C21BD100861239 /* Models */,
			);
			path = Data;
			sourceTree = "<group>";
		};
		2D72E48B26C21BD100861239 /* Models */ = {
			isa = PBXGroup;
			children = (
			);
			path = Models;
			sourceTree = "<group>";
		};
		2D72E48C26C21BD700861239 /* Domain */ = {
			isa = PBXGroup;
			children = (
				2D72E48D26C21BDF00861239 /* Entities */,
			);
			path = Domain;
			sourceTree = "<group>";
		};
		2D72E48D26C21BDF00861239 /* Entities */ = {
			isa = PBXGroup;
			children = (
			);
			path = Entities;
			sourceTree = "<group>";
		};
		2D72E48E26C21BE800861239 /* Modules */ = {
			isa = PBXGroup;
			children = (
			);
			path = Modules;
			sourceTree = "<group>";
		};
		2D72E48F26C21C0500861239 /* Mocks */ = {
			isa = PBXGroup;
			children = (
			);
			path = Mocks;
			sourceTree = "<group>";
		};
		2D72E49026C21C1400861239 /* Data */ = {
			isa = PBXGroup;
			children = (
				2D72E49126C21C1A00861239 /* Repositories */,
			);
			path = Data;
			sourceTree = "<group>";
		};
		2D72E49126C21C1A00861239 /* Repositories */ = {
			isa = PBXGroup;
			children = (
			);
			path = Repositories;
			sourceTree = "<group>";
		};
		2D72E49226C21C2800861239 /* Domain */ = {
			isa = PBXGroup;
			children = (
				2D72E49326C21C2F00861239 /* UseCases */,
			);
			path = Domain;
			sourceTree = "<group>";
		};
		2D72E49326C21C2F00861239 /* UseCases */ = {
			isa = PBXGroup;
			children = (
			);
			path = UseCases;
			sourceTree = "<group>";
		};
		2D72E49426C21C3800861239 /* Presentation */ = {
			isa = PBXGroup;
			children = (
				2D72E49526C21C3B00861239 /* Modules */,
			);
			path = Presentation;
			sourceTree = "<group>";
		};
		2D72E49526C21C3B00861239 /* Modules */ = {
			isa = PBXGroup;
			children = (
			);
			path = Modules;
			sourceTree = "<group>";
		};
		2D72E49626C21C4A00861239 /* Supports */ = {
			isa = PBXGroup;
			children = (
				2D72E49726C21C5500861239 /* Extensions */,
			);
			path = Supports;
			sourceTree = "<group>";
		};
		2D72E49726C21C5500861239 /* Extensions */ = {
			isa = PBXGroup;
			children = (
			);
			path = Extensions;
			sourceTree = "<group>";
		};
		2D72E49826C21C7100861239 /* Utilities */ = {
			isa = PBXGroup;
			children = (
			);
			path = Utilities;
			sourceTree = "<group>";
		};
		2D72E49926C21CEB00861239 /* Keychain */ = {
			isa = PBXGroup;
			children = (
			);
			path = Keychain;
			sourceTree = "<group>";
		};
		2D72E49A26C21D6300861239 /* Configurations */ = {
			isa = PBXGroup;
			children = (
				2DB2676C26BBEC4500FF05BB /* Info.plist */,
			);
			path = Configurations;
			sourceTree = "<group>";
		};
		2D72E49B26C21D6A00861239 /* Resources */ = {
			isa = PBXGroup;
			children = (
			);
			path = Resources;
			sourceTree = "<group>";
		};
		2D72E49C26C21D7B00861239 /* Sources */ = {
			isa = PBXGroup;
			children = (
				2D72E49D26C21D8A00861239 /* AccessibilityIdentifiers */,
				2D72E49E26C21D9000861239 /* Flows */,
				2D72E49F26C21D9800861239 /* Screens */,
				2D72E4A026C21D9D00861239 /* Specs */,
				2D72E4A126C21DA200861239 /* Utilities */,
			);
			path = Sources;
			sourceTree = "<group>";
		};
		2D72E49D26C21D8A00861239 /* AccessibilityIdentifiers */ = {
			isa = PBXGroup;
			children = (
			);
			path = AccessibilityIdentifiers;
			sourceTree = "<group>";
		};
		2D72E49E26C21D9000861239 /* Flows */ = {
			isa = PBXGroup;
			children = (
			);
			path = Flows;
			sourceTree = "<group>";
		};
		2D72E49F26C21D9800861239 /* Screens */ = {
			isa = PBXGroup;
			children = (
			);
			path = Screens;
			sourceTree = "<group>";
		};
		2D72E4A026C21D9D00861239 /* Specs */ = {
			isa = PBXGroup;
			children = (
			);
			path = Specs;
			sourceTree = "<group>";
		};
		2D72E4A126C21DA200861239 /* Utilities */ = {
			isa = PBXGroup;
			children = (
			);
			path = Utilities;
			sourceTree = "<group>";
		};
		2DB2674126BBEC4300FF05BB = {
			isa = PBXGroup;
			children = (
				2DB2674C26BBEC4300FF05BB /* NimbleMedium */,
				2DB2675E26BBEC4500FF05BB /* NimbleMediumTests */,
				2DB2676926BBEC4500FF05BB /* NimbleMediumUITests */,
				2DB2674B26BBEC4300FF05BB /* Products */,
				6BCBF057E18C8FD57CD13FD1 /* Pods */,
				1EE4D3D1E95A20B898233A6B /* Frameworks */,
			);
			sourceTree = "<group>";
		};
		2DB2674B26BBEC4300FF05BB /* Products */ = {
			isa = PBXGroup;
			children = (
				2DB2674A26BBEC4300FF05BB /* Nimble Medium.app */,
				2DB2675B26BBEC4500FF05BB /* NimbleMediumTests.xctest */,
				2DB2676626BBEC4500FF05BB /* NimbleMediumUITests.xctest */,
			);
			name = Products;
			sourceTree = "<group>";
		};
		2DB2674C26BBEC4300FF05BB /* NimbleMedium */ = {
			isa = PBXGroup;
			children = (
				2D72E47926C217DC00861239 /* Configurations */,
				2DB2677C26BBF12500FF05BB /* Resources */,
				2D72E47A26C217E800861239 /* Sources */,
			);
			path = NimbleMedium;
			sourceTree = "<group>";
		};
		2DB2675326BBEC4400FF05BB /* Preview Content */ = {
			isa = PBXGroup;
			children = (
				2DB2675426BBEC4400FF05BB /* Preview Assets.xcassets */,
			);
			path = "Preview Content";
			sourceTree = "<group>";
		};
		2DB2675E26BBEC4500FF05BB /* NimbleMediumTests */ = {
			isa = PBXGroup;
			children = (
				2D72E48526C21B3900861239 /* Configurations */,
				2D72E48626C21B6C00861239 /* Resources */,
				2D72E48726C21B7800861239 /* Sources */,
				2D5EA95326C22140008C79A7 /* NimbleMediumTests.swift */,
			);
			path = NimbleMediumTests;
			sourceTree = "<group>";
		};
		2DB2676926BBEC4500FF05BB /* NimbleMediumUITests */ = {
			isa = PBXGroup;
			children = (
				2D72E49A26C21D6300861239 /* Configurations */,
				2D72E49B26C21D6A00861239 /* Resources */,
				2D72E49C26C21D7B00861239 /* Sources */,
				2DB04AD826C3A6F8003E65F4 /* NimbleMediumUITests.swift */,
			);
			path = NimbleMediumUITests;
			sourceTree = "<group>";
		};
		2DB2677C26BBF12500FF05BB /* Resources */ = {
			isa = PBXGroup;
			children = (
				2DB2675326BBEC4400FF05BB /* Preview Content */,
				2D64E92226C11B48008C80B0 /* Localizable.strings */,
				2DB2675126BBEC4400FF05BB /* Assets.xcassets */,
			);
			path = Resources;
			sourceTree = "<group>";
		};
		2DB2677D26BBF12E00FF05BB /* Entities */ = {
			isa = PBXGroup;
			children = (
			);
			path = Entities;
			sourceTree = "<group>";
		};
		2DB2677E26BBF13400FF05BB /* Modules */ = {
			isa = PBXGroup;
			children = (
				2DBE36AC26C3B0B500DA3511 /* Feeds */,
				2DBE36AF26C3B32B00DA3511 /* SideMenu */,
				2D467C3E26BCD591008F11E1 /* Home */,
			);
			path = Modules;
			sourceTree = "<group>";
		};
		2DB2678026BBF14C00FF05BB /* Repositories */ = {
			isa = PBXGroup;
			children = (
			);
			path = Repositories;
			sourceTree = "<group>";
		};
		2DBE36AC26C3B0B500DA3511 /* Feeds */ = {
			isa = PBXGroup;
			children = (
				2DBE36AD26C3B0C500DA3511 /* FeedsView.swift */,
				2D4ADCC826C61192008F8843 /* FeedsViewModel.swift */,
			);
			path = Feeds;
			sourceTree = "<group>";
		};
		2DBE36AF26C3B32B00DA3511 /* SideMenu */ = {
			isa = PBXGroup;
			children = (
				2DBE36B026C3B33700DA3511 /* SideMenuView.swift */,
				2497356026D34F3200177A7C /* SideMenuActionsView.swift */,
				2497356226D35BBD00177A7C /* MenuOptionButtonStyle.swift */,
			);
			path = SideMenu;
			sourceTree = "<group>";
		};
		2DE3B9B226C1336300272775 /* Supports */ = {
			isa = PBXGroup;
			children = (
				2D72E48426C21A9900861239 /* Extensions */,
				2DE3B9B326C1337800272775 /* Helpers */,
			);
			path = Supports;
			sourceTree = "<group>";
		};
		2DE3B9B326C1337800272775 /* Helpers */ = {
			isa = PBXGroup;
			children = (
				2D5485B526C9FA9A00FFE707 /* Rx */,
				2D69824326C22DC700860A98 /* R.generated.swift */,
				2DE3B9B426C1339200272775 /* Typealias.swift */,
			);
			path = Helpers;
			sourceTree = "<group>";
		};
		6BCBF057E18C8FD57CD13FD1 /* Pods */ = {
			isa = PBXGroup;
			children = (
				1FB4ECE354F839DF02D6976B /* Pods-NimbleMedium.staging.xcconfig */,
				6E41E63B326C526EFD5BA685 /* Pods-NimbleMedium.production.xcconfig */,
				A7FB373E4466876E4BD8212F /* Pods-NimbleMedium-NimbleMediumUITests.staging.xcconfig */,
				B350D67E0CE0AD97820184FA /* Pods-NimbleMedium-NimbleMediumUITests.production.xcconfig */,
				21851292A064EB97674233A2 /* Pods-NimbleMediumTests.staging.xcconfig */,
				664F4E0BC9D9E468E0506C22 /* Pods-NimbleMediumTests.production.xcconfig */,
			);
			path = Pods;
			sourceTree = "<group>";
		};
/* End PBXGroup section */

/* Begin PBXNativeTarget section */
		2DB2674926BBEC4300FF05BB /* NimbleMedium */ = {
			isa = PBXNativeTarget;
			buildConfigurationList = 2DB2676F26BBEC4500FF05BB /* Build configuration list for PBXNativeTarget "NimbleMedium" */;
			buildPhases = (
				E04254B9DADFA4DADB8744F5 /* [CP] Check Pods Manifest.lock */,
				2DB726B726C117D500C16716 /* R.swift */,
				2DB2674626BBEC4300FF05BB /* Sources */,
				2DB2674726BBEC4300FF05BB /* Frameworks */,
				2DB2674826BBEC4300FF05BB /* Resources */,
				76B7F7643F3D9F1792479914 /* [CP] Embed Pods Frameworks */,
				2D467C4626BCDAA9008F11E1 /* SwiftLint */,
			);
			buildRules = (
			);
			dependencies = (
			);
			name = NimbleMedium;
			packageProductDependencies = (
			);
			productName = NimbleMedium;
			productReference = 2DB2674A26BBEC4300FF05BB /* Nimble Medium.app */;
			productType = "com.apple.product-type.application";
		};
		2DB2675A26BBEC4500FF05BB /* NimbleMediumTests */ = {
			isa = PBXNativeTarget;
			buildConfigurationList = 2DB2677226BBEC4500FF05BB /* Build configuration list for PBXNativeTarget "NimbleMediumTests" */;
			buildPhases = (
				1653ABDC70E8396F0BCD4DA6 /* [CP] Check Pods Manifest.lock */,
				2DB2675726BBEC4500FF05BB /* Sources */,
				2DB2675826BBEC4500FF05BB /* Frameworks */,
				2DB2675926BBEC4500FF05BB /* Resources */,
				F97F661B2D345D630E7FA7E8 /* [CP] Embed Pods Frameworks */,
			);
			buildRules = (
			);
			dependencies = (
				2DB2675D26BBEC4500FF05BB /* PBXTargetDependency */,
			);
			name = NimbleMediumTests;
			productName = NimbleMediumTests;
			productReference = 2DB2675B26BBEC4500FF05BB /* NimbleMediumTests.xctest */;
			productType = "com.apple.product-type.bundle.unit-test";
		};
		2DB2676526BBEC4500FF05BB /* NimbleMediumUITests */ = {
			isa = PBXNativeTarget;
			buildConfigurationList = 2DB2677526BBEC4500FF05BB /* Build configuration list for PBXNativeTarget "NimbleMediumUITests" */;
			buildPhases = (
				70D4ED73D3FABDF90D65AB83 /* [CP] Check Pods Manifest.lock */,
				2DB2676226BBEC4500FF05BB /* Sources */,
				2DB2676326BBEC4500FF05BB /* Frameworks */,
				2DB2676426BBEC4500FF05BB /* Resources */,
				F04566B3E68A9E1A02E10A6C /* [CP] Embed Pods Frameworks */,
			);
			buildRules = (
			);
			dependencies = (
				2DB2676826BBEC4500FF05BB /* PBXTargetDependency */,
			);
			name = NimbleMediumUITests;
			productName = NimbleMediumUITests;
			productReference = 2DB2676626BBEC4500FF05BB /* NimbleMediumUITests.xctest */;
			productType = "com.apple.product-type.bundle.ui-testing";
		};
/* End PBXNativeTarget section */

/* Begin PBXProject section */
		2DB2674226BBEC4300FF05BB /* Project object */ = {
			isa = PBXProject;
			attributes = {
				LastSwiftUpdateCheck = 1250;
				LastUpgradeCheck = 1250;
				TargetAttributes = {
					2DB2674926BBEC4300FF05BB = {
						CreatedOnToolsVersion = 12.5.1;
					};
					2DB2675A26BBEC4500FF05BB = {
						CreatedOnToolsVersion = 12.5.1;
						LastSwiftMigration = 1250;
						TestTargetID = 2DB2674926BBEC4300FF05BB;
					};
					2DB2676526BBEC4500FF05BB = {
						CreatedOnToolsVersion = 12.5.1;
						LastSwiftMigration = 1250;
						TestTargetID = 2DB2674926BBEC4300FF05BB;
					};
				};
			};
			buildConfigurationList = 2DB2674526BBEC4300FF05BB /* Build configuration list for PBXProject "NimbleMedium" */;
			compatibilityVersion = "Xcode 9.3";
			developmentRegion = en;
			hasScannedForEncodings = 0;
			knownRegions = (
				en,
				Base,
			);
			mainGroup = 2DB2674126BBEC4300FF05BB;
			packageReferences = (
			);
			productRefGroup = 2DB2674B26BBEC4300FF05BB /* Products */;
			projectDirPath = "";
			projectRoot = "";
			targets = (
				2DB2674926BBEC4300FF05BB /* NimbleMedium */,
				2DB2675A26BBEC4500FF05BB /* NimbleMediumTests */,
				2DB2676526BBEC4500FF05BB /* NimbleMediumUITests */,
			);
		};
/* End PBXProject section */

/* Begin PBXResourcesBuildPhase section */
		2DB2674826BBEC4300FF05BB /* Resources */ = {
			isa = PBXResourcesBuildPhase;
			buildActionMask = 2147483647;
			files = (
				2DB2675526BBEC4400FF05BB /* Preview Assets.xcassets in Resources */,
				2D64E92026C11B48008C80B0 /* Localizable.strings in Resources */,
				2DB2675226BBEC4400FF05BB /* Assets.xcassets in Resources */,
			);
			runOnlyForDeploymentPostprocessing = 0;
		};
		2DB2675926BBEC4500FF05BB /* Resources */ = {
			isa = PBXResourcesBuildPhase;
			buildActionMask = 2147483647;
			files = (
			);
			runOnlyForDeploymentPostprocessing = 0;
		};
		2DB2676426BBEC4500FF05BB /* Resources */ = {
			isa = PBXResourcesBuildPhase;
			buildActionMask = 2147483647;
			files = (
			);
			runOnlyForDeploymentPostprocessing = 0;
		};
/* End PBXResourcesBuildPhase section */

/* Begin PBXShellScriptBuildPhase section */
		1653ABDC70E8396F0BCD4DA6 /* [CP] Check Pods Manifest.lock */ = {
			isa = PBXShellScriptBuildPhase;
			buildActionMask = 2147483647;
			files = (
			);
			inputFileListPaths = (
			);
			inputPaths = (
				"${PODS_PODFILE_DIR_PATH}/Podfile.lock",
				"${PODS_ROOT}/Manifest.lock",
			);
			name = "[CP] Check Pods Manifest.lock";
			outputFileListPaths = (
			);
			outputPaths = (
				"$(DERIVED_FILE_DIR)/Pods-NimbleMediumTests-checkManifestLockResult.txt",
			);
			runOnlyForDeploymentPostprocessing = 0;
			shellPath = /bin/sh;
			shellScript = "diff \"${PODS_PODFILE_DIR_PATH}/Podfile.lock\" \"${PODS_ROOT}/Manifest.lock\" > /dev/null\nif [ $? != 0 ] ; then\n    # print error to STDERR\n    echo \"error: The sandbox is not in sync with the Podfile.lock. Run 'pod install' or update your CocoaPods installation.\" >&2\n    exit 1\nfi\n# This output is used by Xcode 'outputs' to avoid re-running this script phase.\necho \"SUCCESS\" > \"${SCRIPT_OUTPUT_FILE_0}\"\n";
			showEnvVarsInLog = 0;
		};
		2D467C4626BCDAA9008F11E1 /* SwiftLint */ = {
			isa = PBXShellScriptBuildPhase;
			buildActionMask = 2147483647;
			files = (
			);
			inputFileListPaths = (
			);
			inputPaths = (
			);
			name = SwiftLint;
			outputFileListPaths = (
			);
			outputPaths = (
			);
			runOnlyForDeploymentPostprocessing = 0;
			shellPath = /bin/sh;
			shellScript = "\"${PODS_ROOT}/SwiftLint/swiftlint\"\n";
		};
		2DB726B726C117D500C16716 /* R.swift */ = {
			isa = PBXShellScriptBuildPhase;
			buildActionMask = 2147483647;
			files = (
			);
			inputFileListPaths = (
			);
			inputPaths = (
				"$TEMP_DIR/rswift-lastrun",
			);
			name = R.swift;
			outputFileListPaths = (
			);
			outputPaths = (
				$SRCROOT/$PROJECT_NAME/Sources/Supports/Helpers/R.generated.swift,
			);
			runOnlyForDeploymentPostprocessing = 0;
			shellPath = /bin/sh;
			shellScript = "\"$PODS_ROOT/R.swift/rswift\" generate \"$SRCROOT/$PROJECT_NAME/Sources/Supports/Helpers/R.generated.swift\"\n";
		};
		70D4ED73D3FABDF90D65AB83 /* [CP] Check Pods Manifest.lock */ = {
			isa = PBXShellScriptBuildPhase;
			buildActionMask = 2147483647;
			files = (
			);
			inputFileListPaths = (
			);
			inputPaths = (
				"${PODS_PODFILE_DIR_PATH}/Podfile.lock",
				"${PODS_ROOT}/Manifest.lock",
			);
			name = "[CP] Check Pods Manifest.lock";
			outputFileListPaths = (
			);
			outputPaths = (
				"$(DERIVED_FILE_DIR)/Pods-NimbleMedium-NimbleMediumUITests-checkManifestLockResult.txt",
			);
			runOnlyForDeploymentPostprocessing = 0;
			shellPath = /bin/sh;
			shellScript = "diff \"${PODS_PODFILE_DIR_PATH}/Podfile.lock\" \"${PODS_ROOT}/Manifest.lock\" > /dev/null\nif [ $? != 0 ] ; then\n    # print error to STDERR\n    echo \"error: The sandbox is not in sync with the Podfile.lock. Run 'pod install' or update your CocoaPods installation.\" >&2\n    exit 1\nfi\n# This output is used by Xcode 'outputs' to avoid re-running this script phase.\necho \"SUCCESS\" > \"${SCRIPT_OUTPUT_FILE_0}\"\n";
			showEnvVarsInLog = 0;
		};
		76B7F7643F3D9F1792479914 /* [CP] Embed Pods Frameworks */ = {
			isa = PBXShellScriptBuildPhase;
			buildActionMask = 2147483647;
			files = (
			);
			inputFileListPaths = (
				"${PODS_ROOT}/Target Support Files/Pods-NimbleMedium/Pods-NimbleMedium-frameworks-${CONFIGURATION}-input-files.xcfilelist",
			);
			name = "[CP] Embed Pods Frameworks";
			outputFileListPaths = (
				"${PODS_ROOT}/Target Support Files/Pods-NimbleMedium/Pods-NimbleMedium-frameworks-${CONFIGURATION}-output-files.xcfilelist",
			);
			runOnlyForDeploymentPostprocessing = 0;
			shellPath = /bin/sh;
			shellScript = "\"${PODS_ROOT}/Target Support Files/Pods-NimbleMedium/Pods-NimbleMedium-frameworks.sh\"\n";
			showEnvVarsInLog = 0;
		};
		E04254B9DADFA4DADB8744F5 /* [CP] Check Pods Manifest.lock */ = {
			isa = PBXShellScriptBuildPhase;
			buildActionMask = 2147483647;
			files = (
			);
			inputFileListPaths = (
			);
			inputPaths = (
				"${PODS_PODFILE_DIR_PATH}/Podfile.lock",
				"${PODS_ROOT}/Manifest.lock",
			);
			name = "[CP] Check Pods Manifest.lock";
			outputFileListPaths = (
			);
			outputPaths = (
				"$(DERIVED_FILE_DIR)/Pods-NimbleMedium-checkManifestLockResult.txt",
			);
			runOnlyForDeploymentPostprocessing = 0;
			shellPath = /bin/sh;
			shellScript = "diff \"${PODS_PODFILE_DIR_PATH}/Podfile.lock\" \"${PODS_ROOT}/Manifest.lock\" > /dev/null\nif [ $? != 0 ] ; then\n    # print error to STDERR\n    echo \"error: The sandbox is not in sync with the Podfile.lock. Run 'pod install' or update your CocoaPods installation.\" >&2\n    exit 1\nfi\n# This output is used by Xcode 'outputs' to avoid re-running this script phase.\necho \"SUCCESS\" > \"${SCRIPT_OUTPUT_FILE_0}\"\n";
			showEnvVarsInLog = 0;
		};
		F04566B3E68A9E1A02E10A6C /* [CP] Embed Pods Frameworks */ = {
			isa = PBXShellScriptBuildPhase;
			buildActionMask = 2147483647;
			files = (
			);
			inputFileListPaths = (
				"${PODS_ROOT}/Target Support Files/Pods-NimbleMedium-NimbleMediumUITests/Pods-NimbleMedium-NimbleMediumUITests-frameworks-${CONFIGURATION}-input-files.xcfilelist",
			);
			name = "[CP] Embed Pods Frameworks";
			outputFileListPaths = (
				"${PODS_ROOT}/Target Support Files/Pods-NimbleMedium-NimbleMediumUITests/Pods-NimbleMedium-NimbleMediumUITests-frameworks-${CONFIGURATION}-output-files.xcfilelist",
			);
			runOnlyForDeploymentPostprocessing = 0;
			shellPath = /bin/sh;
			shellScript = "\"${PODS_ROOT}/Target Support Files/Pods-NimbleMedium-NimbleMediumUITests/Pods-NimbleMedium-NimbleMediumUITests-frameworks.sh\"\n";
			showEnvVarsInLog = 0;
		};
		F97F661B2D345D630E7FA7E8 /* [CP] Embed Pods Frameworks */ = {
			isa = PBXShellScriptBuildPhase;
			buildActionMask = 2147483647;
			files = (
			);
			inputFileListPaths = (
				"${PODS_ROOT}/Target Support Files/Pods-NimbleMediumTests/Pods-NimbleMediumTests-frameworks-${CONFIGURATION}-input-files.xcfilelist",
			);
			name = "[CP] Embed Pods Frameworks";
			outputFileListPaths = (
				"${PODS_ROOT}/Target Support Files/Pods-NimbleMediumTests/Pods-NimbleMediumTests-frameworks-${CONFIGURATION}-output-files.xcfilelist",
			);
			runOnlyForDeploymentPostprocessing = 0;
			shellPath = /bin/sh;
			shellScript = "\"${PODS_ROOT}/Target Support Files/Pods-NimbleMediumTests/Pods-NimbleMediumTests-frameworks.sh\"\n";
			showEnvVarsInLog = 0;
		};
/* End PBXShellScriptBuildPhase section */

/* Begin PBXSourcesBuildPhase section */
		2DB2674626BBEC4300FF05BB /* Sources */ = {
			isa = PBXSourcesBuildPhase;
			buildActionMask = 2147483647;
			files = (
				2D303B3B26C28AC200EEF1C0 /* Constants+String.swift in Sources */,
				2DBE36AE26C3B0C500DA3511 /* FeedsView.swift in Sources */,
				2DBE36B126C3B33700DA3511 /* SideMenuView.swift in Sources */,
				2D72E47E26C2185400861239 /* Constants.swift in Sources */,
				2D2F456026C25911002C0331 /* View+NavigationBar.swift in Sources */,
				2D467C3D26BCD58D008F11E1 /* HomeView.swift in Sources */,
				2D4ADCC426C60940008F8843 /* HomeViewModel.swift in Sources */,
				2497356326D35BBD00177A7C /* MenuOptionButtonStyle.swift in Sources */,
				2D5485B726C9FAAC00FFE707 /* BehaviorRelayProperty.swift in Sources */,
				2D69824426C22DC700860A98 /* R.generated.swift in Sources */,
				2DB04AD726C3A4AC003E65F4 /* Color+UIColor.swift in Sources */,
				2497356126D34F3200177A7C /* SideMenuActionsView.swift in Sources */,
				2D5485BC26CA077600FFE707 /* View+RxDriver.swift in Sources */,
				2DB2674E26BBEC4300FF05BB /* App.swift in Sources */,
				2D5485BE26CA0D2C00FFE707 /* PublishRelayProperty.swift in Sources */,
				2D4ADCC926C61192008F8843 /* FeedsViewModel.swift in Sources */,
				2DE3B9B526C1339200272775 /* Typealias.swift in Sources */,
			);
			runOnlyForDeploymentPostprocessing = 0;
		};
		2DB2675726BBEC4500FF05BB /* Sources */ = {
			isa = PBXSourcesBuildPhase;
			buildActionMask = 2147483647;
			files = (
				2D69823E26C226D800860A98 /* NimbleMediumTests.swift in Sources */,
			);
			runOnlyForDeploymentPostprocessing = 0;
		};
		2DB2676226BBEC4500FF05BB /* Sources */ = {
			isa = PBXSourcesBuildPhase;
			buildActionMask = 2147483647;
			files = (
				2DB04AD926C3A6F8003E65F4 /* NimbleMediumUITests.swift in Sources */,
			);
			runOnlyForDeploymentPostprocessing = 0;
		};
/* End PBXSourcesBuildPhase section */

/* Begin PBXTargetDependency section */
		2DB2675D26BBEC4500FF05BB /* PBXTargetDependency */ = {
			isa = PBXTargetDependency;
			target = 2DB2674926BBEC4300FF05BB /* NimbleMedium */;
			targetProxy = 2DB2675C26BBEC4500FF05BB /* PBXContainerItemProxy */;
		};
		2DB2676826BBEC4500FF05BB /* PBXTargetDependency */ = {
			isa = PBXTargetDependency;
			target = 2DB2674926BBEC4300FF05BB /* NimbleMedium */;
			targetProxy = 2DB2676726BBEC4500FF05BB /* PBXContainerItemProxy */;
		};
/* End PBXTargetDependency section */

/* Begin PBXVariantGroup section */
		2D64E92226C11B48008C80B0 /* Localizable.strings */ = {
			isa = PBXVariantGroup;
			children = (
				2D64E92126C11B48008C80B0 /* en */,
			);
			name = Localizable.strings;
			sourceTree = "<group>";
		};
/* End PBXVariantGroup section */

/* Begin XCBuildConfiguration section */
		2DB2676E26BBEC4500FF05BB /* Production */ = {
			isa = XCBuildConfiguration;
			buildSettings = {
				ALWAYS_SEARCH_USER_PATHS = NO;
				CLANG_ANALYZER_NONNULL = YES;
				CLANG_ANALYZER_NUMBER_OBJECT_CONVERSION = YES_AGGRESSIVE;
				CLANG_CXX_LANGUAGE_STANDARD = "gnu++14";
				CLANG_CXX_LIBRARY = "libc++";
				CLANG_ENABLE_MODULES = YES;
				CLANG_ENABLE_OBJC_ARC = YES;
				CLANG_ENABLE_OBJC_WEAK = YES;
				CLANG_WARN_BLOCK_CAPTURE_AUTORELEASING = YES;
				CLANG_WARN_BOOL_CONVERSION = YES;
				CLANG_WARN_COMMA = YES;
				CLANG_WARN_CONSTANT_CONVERSION = YES;
				CLANG_WARN_DEPRECATED_OBJC_IMPLEMENTATIONS = YES;
				CLANG_WARN_DIRECT_OBJC_ISA_USAGE = YES_ERROR;
				CLANG_WARN_DOCUMENTATION_COMMENTS = YES;
				CLANG_WARN_EMPTY_BODY = YES;
				CLANG_WARN_ENUM_CONVERSION = YES;
				CLANG_WARN_INFINITE_RECURSION = YES;
				CLANG_WARN_INT_CONVERSION = YES;
				CLANG_WARN_NON_LITERAL_NULL_CONVERSION = YES;
				CLANG_WARN_OBJC_IMPLICIT_RETAIN_SELF = YES;
				CLANG_WARN_OBJC_LITERAL_CONVERSION = YES;
				CLANG_WARN_OBJC_ROOT_CLASS = YES_ERROR;
				CLANG_WARN_QUOTED_INCLUDE_IN_FRAMEWORK_HEADER = YES;
				CLANG_WARN_RANGE_LOOP_ANALYSIS = YES;
				CLANG_WARN_STRICT_PROTOTYPES = YES;
				CLANG_WARN_SUSPICIOUS_MOVE = YES;
				CLANG_WARN_UNGUARDED_AVAILABILITY = YES_AGGRESSIVE;
				CLANG_WARN_UNREACHABLE_CODE = YES;
				CLANG_WARN__DUPLICATE_METHOD_MATCH = YES;
				COPY_PHASE_STRIP = NO;
				DEBUG_INFORMATION_FORMAT = "dwarf-with-dsym";
				ENABLE_NS_ASSERTIONS = NO;
				ENABLE_STRICT_OBJC_MSGSEND = YES;
				GCC_C_LANGUAGE_STANDARD = gnu11;
				GCC_NO_COMMON_BLOCKS = YES;
				GCC_WARN_64_TO_32_BIT_CONVERSION = YES;
				GCC_WARN_ABOUT_RETURN_TYPE = YES_ERROR;
				GCC_WARN_UNDECLARED_SELECTOR = YES;
				GCC_WARN_UNINITIALIZED_AUTOS = YES_AGGRESSIVE;
				GCC_WARN_UNUSED_FUNCTION = YES;
				GCC_WARN_UNUSED_VARIABLE = YES;
				IPHONEOS_DEPLOYMENT_TARGET = 13.0;
				MTL_ENABLE_DEBUG_INFO = NO;
				MTL_FAST_MATH = YES;
				PRODUCT_NAME = "Nimble Medium";
				SDKROOT = iphoneos;
				SWIFT_ACTIVE_COMPILATION_CONDITIONS = PRODUCTION;
				SWIFT_COMPILATION_MODE = wholemodule;
				SWIFT_OPTIMIZATION_LEVEL = "-O";
				VALIDATE_PRODUCT = YES;
			};
			name = Production;
		};
		2DB2677126BBEC4500FF05BB /* Production */ = {
			isa = XCBuildConfiguration;
			baseConfigurationReference = 6E41E63B326C526EFD5BA685 /* Pods-NimbleMedium.production.xcconfig */;
			buildSettings = {
				ASSETCATALOG_COMPILER_APPICON_NAME = AppIcon;
				ASSETCATALOG_COMPILER_GLOBAL_ACCENT_COLOR_NAME = AccentColor;
				CODE_SIGN_STYLE = Automatic;
				DEVELOPMENT_ASSET_PATHS = "\"NimbleMedium/Resources/Preview Content\"";
				DEVELOPMENT_TEAM = 4TWS7E2EPE;
				ENABLE_PREVIEWS = YES;
				INFOPLIST_FILE = NimbleMedium/Configurations/Info.plist;
				IPHONEOS_DEPLOYMENT_TARGET = 14.0;
				LD_RUNPATH_SEARCH_PATHS = (
					"$(inherited)",
					"@executable_path/Frameworks",
				);
				PRODUCT_BUNDLE_IDENTIFIER = "co.nimblehq.nimble-medium";
				PRODUCT_MODULE_NAME = NimbleMedium;
				PRODUCT_NAME = "Nimble Medium";
				SWIFT_VERSION = 5.0;
				TARGETED_DEVICE_FAMILY = "1,2";
			};
			name = Production;
		};
		2DB2677426BBEC4500FF05BB /* Production */ = {
			isa = XCBuildConfiguration;
			baseConfigurationReference = 664F4E0BC9D9E468E0506C22 /* Pods-NimbleMediumTests.production.xcconfig */;
			buildSettings = {
				ALWAYS_EMBED_SWIFT_STANDARD_LIBRARIES = YES;
				BUNDLE_LOADER = "$(TEST_HOST)";
				CLANG_ENABLE_MODULES = YES;
				CODE_SIGN_STYLE = Automatic;
				DEVELOPMENT_TEAM = 4TWS7E2EPE;
				INFOPLIST_FILE = NimbleMediumTests/Configurations/Info.plist;
				IPHONEOS_DEPLOYMENT_TARGET = 14.0;
				LD_RUNPATH_SEARCH_PATHS = (
					"$(inherited)",
					"@executable_path/Frameworks",
					"@loader_path/Frameworks",
				);
				PRODUCT_BUNDLE_IDENTIFIER = co.nimblehq.NimbleMediumTests;
				PRODUCT_NAME = "$(TARGET_NAME)";
				SWIFT_VERSION = 5.0;
				TARGETED_DEVICE_FAMILY = "1,2";
				TEST_HOST = "$(BUILT_PRODUCTS_DIR)/Nimble Medium.app/Nimble Medium";
			};
			name = Production;
		};
		2DB2677726BBEC4500FF05BB /* Production */ = {
			isa = XCBuildConfiguration;
			baseConfigurationReference = B350D67E0CE0AD97820184FA /* Pods-NimbleMedium-NimbleMediumUITests.production.xcconfig */;
			buildSettings = {
				ALWAYS_EMBED_SWIFT_STANDARD_LIBRARIES = YES;
				CLANG_ENABLE_MODULES = YES;
				CODE_SIGN_STYLE = Automatic;
				DEVELOPMENT_TEAM = 4TWS7E2EPE;
				INFOPLIST_FILE = NimbleMediumUITests/Configurations/Info.plist;
				LD_RUNPATH_SEARCH_PATHS = (
					"$(inherited)",
					"@executable_path/Frameworks",
					"@loader_path/Frameworks",
				);
				PRODUCT_BUNDLE_IDENTIFIER = co.nimblehq.NimbleMediumUITests;
				PRODUCT_NAME = "$(TARGET_NAME)";
				PROVISIONING_PROFILE = "";
				SWIFT_VERSION = 5.0;
				TARGETED_DEVICE_FAMILY = "1,2";
				TEST_TARGET_NAME = NimbleMedium;
			};
			name = Production;
		};
		2DB2677826BBEE9D00FF05BB /* Staging */ = {
			isa = XCBuildConfiguration;
			buildSettings = {
				ALWAYS_SEARCH_USER_PATHS = NO;
				CLANG_ANALYZER_NONNULL = YES;
				CLANG_ANALYZER_NUMBER_OBJECT_CONVERSION = YES_AGGRESSIVE;
				CLANG_CXX_LANGUAGE_STANDARD = "gnu++14";
				CLANG_CXX_LIBRARY = "libc++";
				CLANG_ENABLE_MODULES = YES;
				CLANG_ENABLE_OBJC_ARC = YES;
				CLANG_ENABLE_OBJC_WEAK = YES;
				CLANG_WARN_BLOCK_CAPTURE_AUTORELEASING = YES;
				CLANG_WARN_BOOL_CONVERSION = YES;
				CLANG_WARN_COMMA = YES;
				CLANG_WARN_CONSTANT_CONVERSION = YES;
				CLANG_WARN_DEPRECATED_OBJC_IMPLEMENTATIONS = YES;
				CLANG_WARN_DIRECT_OBJC_ISA_USAGE = YES_ERROR;
				CLANG_WARN_DOCUMENTATION_COMMENTS = YES;
				CLANG_WARN_EMPTY_BODY = YES;
				CLANG_WARN_ENUM_CONVERSION = YES;
				CLANG_WARN_INFINITE_RECURSION = YES;
				CLANG_WARN_INT_CONVERSION = YES;
				CLANG_WARN_NON_LITERAL_NULL_CONVERSION = YES;
				CLANG_WARN_OBJC_IMPLICIT_RETAIN_SELF = YES;
				CLANG_WARN_OBJC_LITERAL_CONVERSION = YES;
				CLANG_WARN_OBJC_ROOT_CLASS = YES_ERROR;
				CLANG_WARN_QUOTED_INCLUDE_IN_FRAMEWORK_HEADER = YES;
				CLANG_WARN_RANGE_LOOP_ANALYSIS = YES;
				CLANG_WARN_STRICT_PROTOTYPES = YES;
				CLANG_WARN_SUSPICIOUS_MOVE = YES;
				CLANG_WARN_UNGUARDED_AVAILABILITY = YES_AGGRESSIVE;
				CLANG_WARN_UNREACHABLE_CODE = YES;
				CLANG_WARN__DUPLICATE_METHOD_MATCH = YES;
				COPY_PHASE_STRIP = NO;
				DEBUG_INFORMATION_FORMAT = dwarf;
				ENABLE_STRICT_OBJC_MSGSEND = YES;
				ENABLE_TESTABILITY = YES;
				GCC_C_LANGUAGE_STANDARD = gnu11;
				GCC_DYNAMIC_NO_PIC = NO;
				GCC_NO_COMMON_BLOCKS = YES;
				GCC_OPTIMIZATION_LEVEL = 0;
				GCC_PREPROCESSOR_DEFINITIONS = (
					"DEBUG=1",
					"$(inherited)",
				);
				GCC_WARN_64_TO_32_BIT_CONVERSION = YES;
				GCC_WARN_ABOUT_RETURN_TYPE = YES_ERROR;
				GCC_WARN_UNDECLARED_SELECTOR = YES;
				GCC_WARN_UNINITIALIZED_AUTOS = YES_AGGRESSIVE;
				GCC_WARN_UNUSED_FUNCTION = YES;
				GCC_WARN_UNUSED_VARIABLE = YES;
				IPHONEOS_DEPLOYMENT_TARGET = 13.0;
				MTL_ENABLE_DEBUG_INFO = INCLUDE_SOURCE;
				MTL_FAST_MATH = YES;
				ONLY_ACTIVE_ARCH = YES;
				PRODUCT_NAME = "Nimble Medium - stag";
				SDKROOT = iphoneos;
				SWIFT_ACTIVE_COMPILATION_CONDITIONS = "DEBUG STAGING";
				SWIFT_OPTIMIZATION_LEVEL = "-Onone";
			};
			name = Staging;
		};
		2DB2677926BBEE9D00FF05BB /* Staging */ = {
			isa = XCBuildConfiguration;
			baseConfigurationReference = 1FB4ECE354F839DF02D6976B /* Pods-NimbleMedium.staging.xcconfig */;
			buildSettings = {
				ASSETCATALOG_COMPILER_APPICON_NAME = AppIcon;
				ASSETCATALOG_COMPILER_GLOBAL_ACCENT_COLOR_NAME = AccentColor;
				CODE_SIGN_STYLE = Automatic;
				DEVELOPMENT_ASSET_PATHS = "\"NimbleMedium/Resources/Preview Content\"";
				DEVELOPMENT_TEAM = 4TWS7E2EPE;
				ENABLE_BITCODE = NO;
				ENABLE_PREVIEWS = YES;
				INFOPLIST_FILE = NimbleMedium/Configurations/Info.plist;
				IPHONEOS_DEPLOYMENT_TARGET = 14.0;
				LD_RUNPATH_SEARCH_PATHS = (
					"$(inherited)",
					"@executable_path/Frameworks",
				);
				PRODUCT_BUNDLE_IDENTIFIER = "co.nimblehq.nimble-medium-stag";
				PRODUCT_MODULE_NAME = NimbleMedium;
				PRODUCT_NAME = "Nimble Medium";
				SWIFT_VERSION = 5.0;
				TARGETED_DEVICE_FAMILY = "1,2";
			};
			name = Staging;
		};
		2DB2677A26BBEE9D00FF05BB /* Staging */ = {
			isa = XCBuildConfiguration;
			baseConfigurationReference = 21851292A064EB97674233A2 /* Pods-NimbleMediumTests.staging.xcconfig */;
			buildSettings = {
				ALWAYS_EMBED_SWIFT_STANDARD_LIBRARIES = YES;
				BUNDLE_LOADER = "$(TEST_HOST)";
				"BUNDLE_LOADER[arch=*]" = "$(TEST_HOST)";
				CLANG_ENABLE_MODULES = YES;
				CODE_SIGN_STYLE = Automatic;
				DEVELOPMENT_TEAM = 4TWS7E2EPE;
				INFOPLIST_FILE = NimbleMediumTests/Configurations/Info.plist;
				IPHONEOS_DEPLOYMENT_TARGET = 14.0;
				LD_RUNPATH_SEARCH_PATHS = (
					"$(inherited)",
					"@executable_path/Frameworks",
					"@loader_path/Frameworks",
				);
				PRODUCT_BUNDLE_IDENTIFIER = co.nimblehq.NimbleMediumTests;
				PRODUCT_NAME = "$(TARGET_NAME)";
				SWIFT_OPTIMIZATION_LEVEL = "-Onone";
				SWIFT_VERSION = 5.0;
				TARGETED_DEVICE_FAMILY = "1,2";
				TEST_HOST = "$(BUILT_PRODUCTS_DIR)/Nimble Medium.app/Nimble Medium";
			};
			name = Staging;
		};
		2DB2677B26BBEE9D00FF05BB /* Staging */ = {
			isa = XCBuildConfiguration;
			baseConfigurationReference = A7FB373E4466876E4BD8212F /* Pods-NimbleMedium-NimbleMediumUITests.staging.xcconfig */;
			buildSettings = {
				ALWAYS_EMBED_SWIFT_STANDARD_LIBRARIES = YES;
				CLANG_ENABLE_MODULES = YES;
				CODE_SIGN_STYLE = Automatic;
				DEVELOPMENT_TEAM = 4TWS7E2EPE;
				INFOPLIST_FILE = NimbleMediumUITests/Configurations/Info.plist;
				LD_RUNPATH_SEARCH_PATHS = (
					"$(inherited)",
					"@executable_path/Frameworks",
					"@loader_path/Frameworks",
				);
				PRODUCT_BUNDLE_IDENTIFIER = co.nimblehq.NimbleMediumUITests;
				PRODUCT_NAME = "$(TARGET_NAME)";
				PROVISIONING_PROFILE = "";
				SWIFT_OPTIMIZATION_LEVEL = "-Onone";
				SWIFT_VERSION = 5.0;
				TARGETED_DEVICE_FAMILY = "1,2";
				TEST_TARGET_NAME = NimbleMedium;
			};
			name = Staging;
		};
/* End XCBuildConfiguration section */

/* Begin XCConfigurationList section */
		2DB2674526BBEC4300FF05BB /* Build configuration list for PBXProject "NimbleMedium" */ = {
			isa = XCConfigurationList;
			buildConfigurations = (
				2DB2677826BBEE9D00FF05BB /* Staging */,
				2DB2676E26BBEC4500FF05BB /* Production */,
			);
			defaultConfigurationIsVisible = 0;
			defaultConfigurationName = Production;
		};
		2DB2676F26BBEC4500FF05BB /* Build configuration list for PBXNativeTarget "NimbleMedium" */ = {
			isa = XCConfigurationList;
			buildConfigurations = (
				2DB2677926BBEE9D00FF05BB /* Staging */,
				2DB2677126BBEC4500FF05BB /* Production */,
			);
			defaultConfigurationIsVisible = 0;
			defaultConfigurationName = Production;
		};
		2DB2677226BBEC4500FF05BB /* Build configuration list for PBXNativeTarget "NimbleMediumTests" */ = {
			isa = XCConfigurationList;
			buildConfigurations = (
				2DB2677A26BBEE9D00FF05BB /* Staging */,
				2DB2677426BBEC4500FF05BB /* Production */,
			);
			defaultConfigurationIsVisible = 0;
			defaultConfigurationName = Production;
		};
		2DB2677526BBEC4500FF05BB /* Build configuration list for PBXNativeTarget "NimbleMediumUITests" */ = {
			isa = XCConfigurationList;
			buildConfigurations = (
				2DB2677B26BBEE9D00FF05BB /* Staging */,
				2DB2677726BBEC4500FF05BB /* Production */,
			);
			defaultConfigurationIsVisible = 0;
			defaultConfigurationName = Production;
		};
/* End XCConfigurationList section */
	};
	rootObject = 2DB2674226BBEC4300FF05BB /* Project object */;
}
