{
  "object": {
    "pins": [
      {
        "package": "Alamofire",
        "repositoryURL": "https://github.com/Alamofire/Alamofire.git",
        "state": {
          "branch": null,
          "revision": "f96b619bcb2383b43d898402283924b80e2c4bae",
          "version": "5.4.3"
        }
      },
      {
        "package": "AlamofireNetworkActivityLogger",
        "repositoryURL": "https://github.com/konkab/AlamofireNetworkActivityLogger.git",
        "state": {
          "branch": null,
          "revision": "8db9d4e27176905298e7215e3d800e349cdfa30b",
          "version": "3.4.0"
        }
      }
    ]
  },
  "version": 1
}
